{
  "nodes": {
    "flake-compat": {
      "flake": false,
      "locked": {
        "lastModified": 1767039857,
        "narHash": "sha256-vNpUSpF5Nuw8xvDLj2KCwwksIbjua2LZCqhV1LNRDns=",
        "owner": "edolstra",
        "repo": "flake-compat",
        "rev": "5edf11c44bc78a0d334f6334cdaf7d60d732daab",
        "type": "github"
      },
      "original": {
        "owner": "edolstra",
        "repo": "flake-compat",
        "type": "github"
      }
    },
    "flake-compat_2": {
      "flake": false,
      "locked": {
        "lastModified": 1696426674,
        "narHash": "sha256-kvjfFW7WAETZlt09AgDn1MrtKzP7t90Vf7vypd3OL1U=",
        "owner": "edolstra",
        "repo": "flake-compat",
        "rev": "0f9255e01c2351cc7d116c072cb317785dd33b33",
        "type": "github"
      },
      "original": {
        "owner": "edolstra",
        "repo": "flake-compat",
        "type": "github"
      }
    },
    "flake-parts": {
      "inputs": {
        "nixpkgs-lib": [
          "nixvim",
          "nixpkgs"
        ]
      },
      "locked": {
        "lastModified": 1782949081,
        "narHash": "sha256-vp6Y/Grm98ESt6ceOkWiHWyZRDV3J1RID4w+6NWK9yA=",
        "owner": "hercules-ci",
        "repo": "flake-parts",
        "rev": "17c9d6cdfc60c64f4ee8d306f9bc0b4ccb51481e",
        "type": "github"
      },
      "original": {
        "owner": "hercules-ci",
        "repo": "flake-parts",
        "type": "github"
      }
    },
    "ghostty": {
      "inputs": {
        "flake-compat": "flake-compat",
        "home-manager": "home-manager",
        "nixpkgs": [
          "nixpkgs"
        ],
        "systems": "systems",
        "zig": "zig",
        "zon2nix": "zon2nix"
      },
      "locked": {
        "lastModified": 1784751584,
        "narHash": "sha256-LZuEFAt3/wfn6YWfk7NHnqLAtZ9g4mi6yTptx0mLKj0=",
        "owner": "ghostty-org",
        "repo": "ghostty",
        "rev": "ab0b9da9e88fcb4b0533a1854e84628f663930af",
        "type": "github"
      },
      "original": {
        "owner": "ghostty-org",
        "repo": "ghostty",
        "type": "github"
      }
    },
    "home-manager": {
      "inputs": {
        "nixpkgs": [
          "ghostty",
          "nixpkgs"
        ]
      },
      "locked": {
        "lastModified": 1782657028,
        "narHash": "sha256-PHTCpYZCMzJYS3phhywqRAZphKVr2zjvlGYa+H20ZZ4=",
        "owner": "nix-community",
        "repo": "home-manager",
        "rev": "4ad9aaae70c9aaab504127f926c0fa9cfbc2b365",
        "type": "github"
      },
      "original": {
        "owner": "nix-community",
        "repo": "home-manager",
        "type": "github"
      }
    },
    "home-manager_2": {
      "inputs": {
        "nixpkgs": [
          "nixpkgs"
        ]
      },
      "locked": {
        "lastModified": 1784725727,
        "narHash": "sha256-J5+C9wsO0lhDyUalQzfplDbRjyHDYeEH5+9sdyXtwa8=",
        "owner": "nix-community",
        "repo": "home-manager",
        "rev": "041a999e8c1c5b731913855909e68d30ca69b8e0",
        "type": "github"
      },
      "original": {
        "owner": "nix-community",
        "repo": "home-manager",
        "type": "github"
      }
    },
    "nil": {
      "inputs": {
        "nixpkgs": [
          "nixpkgs"
        ]
      },
      "locked": {
        "lastModified": 1784778413,
        "narHash": "sha256-LQeoBcO0FU+OQEybRU605Zh+bqtboPdLo4YZN5WYjMU=",
        "owner": "oxalica",
        "repo": "nil",
        "rev": "39a5bf9766b749757f750724c93412a66a6c25d5",
        "type": "github"
      },
      "original": {
        "owner": "oxalica",
        "repo": "nil",
        "type": "github"
      }
    },
    "nixpkgs": {
      "locked": {
        "lastModified": 1784497964,
        "narHash": "sha256-vlHUuqAcbcH2RKmHbPiuQzbv1pnzzavXnI62RD0bqCU=",
        "owner": "nixos",
        "repo": "nixpkgs",
        "rev": "241313f4e8e508cb9b13278c2b0fa25b9ca27163",
        "type": "github"
      },
      "original": {
        "owner": "nixos",
        "ref": "nixos-unstable",
        "repo": "nixpkgs",
        "type": "github"
      }
    },
    "nixpkgs_2": {
      "locked": {
        "lastModified": 1771043024,
        "narHash": "sha256-O1XDr7EWbRp+kHrNNgLWgIrB0/US5wvw9K6RERWAj6I=",
        "owner": "NixOS",
        "repo": "nixpkgs",
        "rev": "3aadb7ca9eac2891d52a9dec199d9580a6e2bf44",
        "type": "github"
      },
      "original": {
        "owner": "NixOS",
        "ref": "nixos-25.11",
        "repo": "nixpkgs",
        "type": "github"
      }
    },
    "nixvim": {
      "inputs": {
        "flake-parts": "flake-parts",
        "nixpkgs": [
          "nixpkgs"
        ],
        "systems": "systems_2"
      },
      "locked": {
        "lastModified": 1784772793,
        "narHash": "sha256-59Gavj/9BFDmVVichswIvFRZwnWHhSdh8vsdg8oYzb0=",
        "owner": "nix-community",
        "repo": "nixvim",
        "rev": "85d64907a9c132ecf2e8ebe46d0ad842381516ec",
        "type": "github"
      },
      "original": {
        "owner": "nix-community",
        "repo": "nixvim",
        "type": "github"
      }
    },
    "root": {
      "inputs": {
        "ghostty": "ghostty",
        "home-manager": "home-manager_2",
        "nil": "nil",
        "nixpkgs": "nixpkgs",
        "nixvim": "nixvim",
        "sops-nix": "sops-nix",
        "zig": "zig_2"
      }
    },
    "sops-nix": {
      "inputs": {
        "nixpkgs": [
          "nixpkgs"
        ]
      },
      "locked": {
        "lastModified": 1783174389,
        "narHash": "sha256-aCWC8ngycU7OdJrU2+Je3qf+1a2ykuBvpPhZT/9tXMc=",
        "owner": "Mic92",
        "repo": "sops-nix",
        "rev": "f1406619a3884cd5c47992a70b8b35c9c0fcb4c9",
        "type": "github"
      },
      "original": {
        "owner": "Mic92",
        "repo": "sops-nix",
        "type": "github"
      }
    },
    "systems": {
      "flake": false,
      "locked": {
        "lastModified": 1681028828,
        "narHash": "sha256-Vy1rq5AaRuLzOxct8nz4T6wlgyUR7zLU309k9mBC768=",
        "owner": "nix-systems",
        "repo": "default",
        "rev": "da67096a3b9bf56a91d16901293e51ba5b49a27e",
        "type": "github"
      },
      "original": {
        "owner": "nix-systems",
        "repo": "default",
        "type": "github"
      }
    },
    "systems_2": {
      "locked": {
        "lastModified": 1774449309,
        "narHash": "sha256-brhZ8DmuGtzkCYHJg4HEd602amKm89Y9ytsFZ5uWD1w=",
        "owner": "nix-systems",
        "repo": "default",
        "rev": "c29398b59d2048c4ab79345812849c9bd15e9150",
        "type": "github"
      },
      "original": {
        "owner": "nix-systems",
        "ref": "future-26.11",
        "repo": "default",
        "type": "github"
      }
    },
    "systems_3": {
      "flake": false,
      "locked": {
        "lastModified": 1681028828,
        "narHash": "sha256-Vy1rq5AaRuLzOxct8nz4T6wlgyUR7zLU309k9mBC768=",
        "owner": "nix-systems",
        "repo": "default",
        "rev": "da67096a3b9bf56a91d16901293e51ba5b49a27e",
        "type": "github"
      },
      "original": {
        "owner": "nix-systems",
        "repo": "default",
        "type": "github"
      }
    },
    "zig": {
      "inputs": {
        "flake-compat": [
          "ghostty",
          "flake-compat"
        ],
        "nixpkgs": [
          "ghostty",
          "nixpkgs"
        ],
        "systems": [
          "ghostty",
          "systems"
        ]
      },
      "locked": {
        "lastModified": 1782609341,
        "narHash": "sha256-OfCPJFS/2Z2ZyjE4adR7PL+ZEqvDQFi2XNI1L8s6wKU=",
        "owner": "mitchellh",
        "repo": "zig-overlay",
        "rev": "5386fea92c45b154bbeb52d14ef5504f82eda86c",
        "type": "github"
      },
      "original": {
        "owner": "mitchellh",
        "repo": "zig-overlay",
        "type": "github"
      }
    },
    "zig_2": {
      "inputs": {
        "flake-compat": "flake-compat_2",
        "nixpkgs": "nixpkgs_2",
        "systems": "systems_3"
      },
      "locked": {
        "lastModified": 1784767796,
        "narHash": "sha256-JJ8U02hCnAkzbLWeyhZNPQ/qKBuuLCw1PdMAUjmosro=",
        "owner": "mitchellh",
        "repo": "zig-overlay",
        "rev": "0f848c8915bf26328ff48a943fac5371a556ce52",
        "type": "github"
      },
      "original": {
        "owner": "mitchellh",
        "repo": "zig-overlay",
        "type": "github"
      }
    },
    "zon2nix": {
      "inputs": {
        "nixpkgs": [
          "ghostty",
          "nixpkgs"
        ]
      },
      "locked": {
        "lastModified": 1784117571,
        "narHash": "sha256-Hvnmnuu0VpHiZl+8z+UkMoxC7JZJvRYBqu2Asb0ZJOE=",
        "owner": "jcollie",
        "repo": "zon2nix",
        "rev": "0ce628fb78309cdb13d098ae9c6fdbf87c75d25b",
        "type": "github"
      },
      "original": {
        "owner": "jcollie",
        "ref": "main",
        "repo": "zon2nix",
        "type": "github"
      }
    }
  },
  "root": "root",
  "version": 7
}
